// !$*UTF8*$!
{
	archiveVersion = 1;
	classes = {
	};
	objectVersion = 46;
	objects = {

/* Begin PBXBuildFile section */
		A6277E2F1BAAAFE900C561E0 /* Images.xcassets in Resources */ = {isa = PBXBuildFile; fileRef = A6277E2E1BAAAFE900C561E0 /* Images.xcassets */; };
		A6277E321BAAAFE900C561E0 /* LaunchScreen.xib in Resources */ = {isa = PBXBuildFile; fileRef = A6277E301BAAAFE900C561E0 /* LaunchScreen.xib */; };
		A6277E3E1BAAAFE900C561E0 /* XiaoHahaTests.m in Sources */ = {isa = PBXBuildFile; fileRef = A6277E3D1BAAAFE900C561E0 /* XiaoHahaTests.m */; };
		A6277EAD1BAAB35500C561E0 /* AFHTTPRequestOperation.m in Sources */ = {isa = PBXBuildFile; fileRef = A6277E4A1BAAB35500C561E0 /* AFHTTPRequestOperation.m */; };
		A6277EAE1BAAB35500C561E0 /* AFHTTPRequestOperationManager.m in Sources */ = {isa = PBXBuildFile; fileRef = A6277E4C1BAAB35500C561E0 /* AFHTTPRequestOperationManager.m */; };
		A6277EAF1BAAB35500C561E0 /* AFHTTPSessionManager.m in Sources */ = {isa = PBXBuildFile; fileRef = A6277E4E1BAAB35500C561E0 /* AFHTTPSessionManager.m */; };
		A6277EB01BAAB35500C561E0 /* AFNetworkReachabilityManager.m in Sources */ = {isa = PBXBuildFile; fileRef = A6277E511BAAB35500C561E0 /* AFNetworkReachabilityManager.m */; };
		A6277EB11BAAB35500C561E0 /* AFSecurityPolicy.m in Sources */ = {isa = PBXBuildFile; fileRef = A6277E531BAAB35500C561E0 /* AFSecurityPolicy.m */; };
		A6277EB21BAAB35500C561E0 /* AFURLConnectionOperation.m in Sources */ = {isa = PBXBuildFile; fileRef = A6277E551BAAB35500C561E0 /* AFURLConnectionOperation.m */; };
		A6277EB31BAAB35500C561E0 /* AFURLRequestSerialization.m in Sources */ = {isa = PBXBuildFile; fileRef = A6277E571BAAB35500C561E0 /* AFURLRequestSerialization.m */; };
		A6277EB41BAAB35500C561E0 /* AFURLResponseSerialization.m in Sources */ = {isa = PBXBuildFile; fileRef = A6277E591BAAB35500C561E0 /* AFURLResponseSerialization.m */; };
		A6277EB51BAAB35500C561E0 /* AFURLSessionManager.m in Sources */ = {isa = PBXBuildFile; fileRef = A6277E5B1BAAB35500C561E0 /* AFURLSessionManager.m */; };
		A6277EB61BAAB35500C561E0 /* MBProgressHUD+MJ.m in Sources */ = {isa = PBXBuildFile; fileRef = A6277E5E1BAAB35500C561E0 /* MBProgressHUD+MJ.m */; };
		A6277EB71BAAB35500C561E0 /* MBProgressHUD.bundle in Resources */ = {isa = PBXBuildFile; fileRef = A6277E5F1BAAB35500C561E0 /* MBProgressHUD.bundle */; };
		A6277EB81BAAB35500C561E0 /* MBProgressHUD.m in Sources */ = {isa = PBXBuildFile; fileRef = A6277E611BAAB35500C561E0 /* MBProgressHUD.m */; };
		A6277EB91BAAB35500C561E0 /* MJArgument.m in Sources */ = {isa = PBXBuildFile; fileRef = A6277E641BAAB35500C561E0 /* MJArgument.m */; };
		A6277EBA1BAAB35500C561E0 /* MJConst.m in Sources */ = {isa = PBXBuildFile; fileRef = A6277E661BAAB35500C561E0 /* MJConst.m */; };
		A6277EBB1BAAB35500C561E0 /* MJFoundation.m in Sources */ = {isa = PBXBuildFile; fileRef = A6277E691BAAB35500C561E0 /* MJFoundation.m */; };
		A6277EBC1BAAB35500C561E0 /* MJIvar.m in Sources */ = {isa = PBXBuildFile; fileRef = A6277E6B1BAAB35500C561E0 /* MJIvar.m */; };
		A6277EBD1BAAB35500C561E0 /* MJMember.m in Sources */ = {isa = PBXBuildFile; fileRef = A6277E6D1BAAB35500C561E0 /* MJMember.m */; };
		A6277EBE1BAAB35500C561E0 /* MJMethod.m in Sources */ = {isa = PBXBuildFile; fileRef = A6277E6F1BAAB35500C561E0 /* MJMethod.m */; };
		A6277EBF1BAAB35500C561E0 /* MJType.m in Sources */ = {isa = PBXBuildFile; fileRef = A6277E711BAAB35500C561E0 /* MJType.m */; };
		A6277EC01BAAB35500C561E0 /* MJTypeEncoding.m in Sources */ = {isa = PBXBuildFile; fileRef = A6277E731BAAB35500C561E0 /* MJTypeEncoding.m */; };
		A6277EC11BAAB35500C561E0 /* NSObject+MJCoding.m in Sources */ = {isa = PBXBuildFile; fileRef = A6277E751BAAB35500C561E0 /* NSObject+MJCoding.m */; };
		A6277EC21BAAB35600C561E0 /* NSObject+MJKeyValue.m in Sources */ = {isa = PBXBuildFile; fileRef = A6277E771BAAB35500C561E0 /* NSObject+MJKeyValue.m */; };
		A6277EC31BAAB35600C561E0 /* NSObject+MJMember.m in Sources */ = {isa = PBXBuildFile; fileRef = A6277E791BAAB35500C561E0 /* NSObject+MJMember.m */; };
		A6277EC41BAAB35600C561E0 /* MJRefresh.bundle in Resources */ = {isa = PBXBuildFile; fileRef = A6277E7B1BAAB35500C561E0 /* MJRefresh.bundle */; };
		A6277EC51BAAB35600C561E0 /* MJRefreshBaseView.m in Sources */ = {isa = PBXBuildFile; fileRef = A6277E7E1BAAB35500C561E0 /* MJRefreshBaseView.m */; };
		A6277EC61BAAB35600C561E0 /* MJRefreshConst.m in Sources */ = {isa = PBXBuildFile; fileRef = A6277E801BAAB35500C561E0 /* MJRefreshConst.m */; };
		A6277EC71BAAB35600C561E0 /* MJRefreshFooterView.m in Sources */ = {isa = PBXBuildFile; fileRef = A6277E821BAAB35500C561E0 /* MJRefreshFooterView.m */; };
		A6277EC81BAAB35600C561E0 /* MJRefreshHeaderView.m in Sources */ = {isa = PBXBuildFile; fileRef = A6277E841BAAB35500C561E0 /* MJRefreshHeaderView.m */; };
		A6277EC91BAAB35600C561E0 /* UIScrollView+MJExtension.m in Sources */ = {isa = PBXBuildFile; fileRef = A6277E861BAAB35500C561E0 /* UIScrollView+MJExtension.m */; };
		A6277ECA1BAAB35600C561E0 /* UIScrollView+MJRefresh.m in Sources */ = {isa = PBXBuildFile; fileRef = A6277E881BAAB35500C561E0 /* UIScrollView+MJRefresh.m */; };
		A6277ECB1BAAB35600C561E0 /* UIView+MJExtension.m in Sources */ = {isa = PBXBuildFile; fileRef = A6277E8A1BAAB35500C561E0 /* UIView+MJExtension.m */; };
		A6277ECC1BAAB35600C561E0 /* MKAnnotationView+WebCache.m in Sources */ = {isa = PBXBuildFile; fileRef = A6277E8D1BAAB35500C561E0 /* MKAnnotationView+WebCache.m */; };
		A6277ECD1BAAB35600C561E0 /* NSData+ImageContentType.m in Sources */ = {isa = PBXBuildFile; fileRef = A6277E8F1BAAB35500C561E0 /* NSData+ImageContentType.m */; };
		A6277ECE1BAAB35600C561E0 /* SDImageCache.m in Sources */ = {isa = PBXBuildFile; fileRef = A6277E911BAAB35500C561E0 /* SDImageCache.m */; };
		A6277ECF1BAAB35600C561E0 /* SDWebImageCompat.m in Sources */ = {isa = PBXBuildFile; fileRef = A6277E931BAAB35500C561E0 /* SDWebImageCompat.m */; };
		A6277ED01BAAB35600C561E0 /* SDWebImageDecoder.m in Sources */ = {isa = PBXBuildFile; fileRef = A6277E951BAAB35500C561E0 /* SDWebImageDecoder.m */; };
		A6277ED11BAAB35600C561E0 /* SDWebImageDownloader.m in Sources */ = {isa = PBXBuildFile; fileRef = A6277E971BAAB35500C561E0 /* SDWebImageDownloader.m */; };
		A6277ED21BAAB35600C561E0 /* SDWebImageDownloaderOperation.m in Sources */ = {isa = PBXBuildFile; fileRef = A6277E991BAAB35500C561E0 /* SDWebImageDownloaderOperation.m */; };
		A6277ED31BAAB35600C561E0 /* SDWebImageManager.m in Sources */ = {isa = PBXBuildFile; fileRef = A6277E9B1BAAB35500C561E0 /* SDWebImageManager.m */; };
		A6277ED41BAAB35600C561E0 /* SDWebImagePrefetcher.m in Sources */ = {isa = PBXBuildFile; fileRef = A6277E9E1BAAB35500C561E0 /* SDWebImagePrefetcher.m */; };
		A6277ED51BAAB35600C561E0 /* UIButton+WebCache.m in Sources */ = {isa = PBXBuildFile; fileRef = A6277EA01BAAB35500C561E0 /* UIButton+WebCache.m */; };
		A6277ED61BAAB35600C561E0 /* UIImage+GIF.m in Sources */ = {isa = PBXBuildFile; fileRef = A6277EA21BAAB35500C561E0 /* UIImage+GIF.m */; };
		A6277ED71BAAB35600C561E0 /* UIImage+MultiFormat.m in Sources */ = {isa = PBXBuildFile; fileRef = A6277EA41BAAB35500C561E0 /* UIImage+MultiFormat.m */; };
		A6277ED81BAAB35600C561E0 /* UIImage+WebP.m in Sources */ = {isa = PBXBuildFile; fileRef = A6277EA61BAAB35500C561E0 /* UIImage+WebP.m */; };
		A6277ED91BAAB35600C561E0 /* UIImageView+HighlightedWebCache.m in Sources */ = {isa = PBXBuildFile; fileRef = A6277EA81BAAB35500C561E0 /* UIImageView+HighlightedWebCache.m */; };
		A6277EDA1BAAB35600C561E0 /* UIImageView+WebCache.m in Sources */ = {isa = PBXBuildFile; fileRef = A6277EAA1BAAB35500C561E0 /* UIImageView+WebCache.m */; };
		A6277EDB1BAAB35600C561E0 /* UIView+WebCacheOperation.m in Sources */ = {isa = PBXBuildFile; fileRef = A6277EAC1BAAB35500C561E0 /* UIView+WebCacheOperation.m */; };
		A6277EE21BAABAAA00C561E0 /* Joke.m in Sources */ = {isa = PBXBuildFile; fileRef = A6277EE11BAABAAA00C561E0 /* Joke.m */; };
		A6277EE51BAABAC500C561E0 /* JokeFrame.m in Sources */ = {isa = PBXBuildFile; fileRef = A6277EE41BAABAC500C561E0 /* JokeFrame.m */; };
		A6277EEC1BAAC7BF00C561E0 /* AppDelegate.m in Sources */ = {isa = PBXBuildFile; fileRef = A6277EEA1BAAC7BF00C561E0 /* AppDelegate.m */; };
		A6277EED1BAAC7BF00C561E0 /* main.m in Sources */ = {isa = PBXBuildFile; fileRef = A6277EEB1BAAC7BF00C561E0 /* main.m */; };
		A6277EF51BAAC82200C561E0 /* JokeCell.m in Sources */ = {isa = PBXBuildFile; fileRef = A6277EF41BAAC82200C561E0 /* JokeCell.m */; };
		A6277EF91BAACC0E00C561E0 /* FunnyImageViewController.m in Sources */ = {isa = PBXBuildFile; fileRef = A6277EF81BAACC0E00C561E0 /* FunnyImageViewController.m */; };
/* End PBXBuildFile section */

/* Begin PBXContainerItemProxy section */
		A6277E381BAAAFE900C561E0 /* PBXContainerItemProxy */ = {
			isa = PBXContainerItemProxy;
			containerPortal = A6277E161BAAAFE900C561E0 /* Project object */;
			proxyType = 1;
			remoteGlobalIDString = A6277E1D1BAAAFE900C561E0;
			remoteInfo = XiaoHaha;
		};
/* End PBXContainerItemProxy section */

/* Begin PBXFileReference section */
		A6277E1E1BAAAFE900C561E0 /* XiaoHaha.app */ = {isa = PBXFileReference; explicitFileType = wrapper.application; includeInIndex = 0; path = XiaoHaha.app; sourceTree = BUILT_PRODUCTS_DIR; };
		A6277E221BAAAFE900C561E0 /* Info.plist */ = {isa = PBXFileReference; lastKnownFileType = text.plist.xml; path = Info.plist; sourceTree = "<group>"; };
		A6277E2E1BAAAFE900C561E0 /* Images.xcassets */ = {isa = PBXFileReference; lastKnownFileType = folder.assetcatalog; path = Images.xcassets; sourceTree = "<group>"; };
		A6277E311BAAAFE900C561E0 /* Base */ = {isa = PBXFileReference; lastKnownFileType = file.xib; name = Base; path = Base.lproj/LaunchScreen.xib; sourceTree = "<group>"; };
		A6277E371BAAAFE900C561E0 /* XiaoHahaTests.xctest */ = {isa = PBXFileReference; explicitFileType = wrapper.cfbundle; includeInIndex = 0; path = XiaoHahaTests.xctest; sourceTree = BUILT_PRODUCTS_DIR; };
		A6277E3C1BAAAFE900C561E0 /* Info.plist */ = {isa = PBXFileReference; lastKnownFileType = text.plist.xml; path = Info.plist; sourceTree = "<group>"; };
		A6277E3D1BAAAFE900C561E0 /* XiaoHahaTests.m */ = {isa = PBXFileReference; lastKnownFileType = sourcecode.c.objc; path = XiaoHahaTests.m; sourceTree = "<group>"; };
		A6277E491BAAB35500C561E0 /* AFHTTPRequestOperation.h */ = {isa = PBXFileReference; fileEncoding = 4; lastKnownFileType = sourcecode.c.h; path = AFHTTPRequestOperation.h; sourceTree = "<group>"; };
		A6277E4A1BAAB35500C561E0 /* AFHTTPRequestOperation.m */ = {isa = PBXFileReference; fileEncoding = 4; lastKnownFileType = sourcecode.c.objc; path = AFHTTPRequestOperation.m; sourceTree = "<group>"; };
		A6277E4B1BAAB35500C561E0 /* AFHTTPRequestOperationManager.h */ = {isa = PBXFileReference; fileEncoding = 4; lastKnownFileType = sourcecode.c.h; path = AFHTTPRequestOperationManager.h; sourceTree = "<group>"; };
		A6277E4C1BAAB35500C561E0 /* AFHTTPRequestOperationManager.m */ = {isa = PBXFileReference; fileEncoding = 4; lastKnownFileType = sourcecode.c.objc; path = AFHTTPRequestOperationManager.m; sourceTree = "<group>"; };
		A6277E4D1BAAB35500C561E0 /* AFHTTPSessionManager.h */ = {isa = PBXFileReference; fileEncoding = 4; lastKnownFileType = sourcecode.c.h; path = AFHTTPSessionManager.h; sourceTree = "<group>"; };
		A6277E4E1BAAB35500C561E0 /* AFHTTPSessionManager.m */ = {isa = PBXFileReference; fileEncoding = 4; lastKnownFileType = sourcecode.c.objc; path = AFHTTPSessionManager.m; sourceTree = "<group>"; };
		A6277E4F1BAAB35500C561E0 /* AFNetworking.h */ = {isa = PBXFileReference; fileEncoding = 4; lastKnownFileType = sourcecode.c.h; path = AFNetworking.h; sourceTree = "<group>"; };
		A6277E501BAAB35500C561E0 /* AFNetworkReachabilityManager.h */ = {isa = PBXFileReference; fileEncoding = 4; lastKnownFileType = sourcecode.c.h; path = AFNetworkReachabilityManager.h; sourceTree = "<group>"; };
		A6277E511BAAB35500C561E0 /* AFNetworkReachabilityManager.m */ = {isa = PBXFileReference; fileEncoding = 4; lastKnownFileType = sourcecode.c.objc; path = AFNetworkReachabilityManager.m; sourceTree = "<group>"; };
		A6277E521BAAB35500C561E0 /* AFSecurityPolicy.h */ = {isa = PBXFileReference; fileEncoding = 4; lastKnownFileType = sourcecode.c.h; path = AFSecurityPolicy.h; sourceTree = "<group>"; };
		A6277E531BAAB35500C561E0 /* AFSecurityPolicy.m */ = {isa = PBXFileReference; fileEncoding = 4; lastKnownFileType = sourcecode.c.objc; path = AFSecurityPolicy.m; sourceTree = "<group>"; };
		A6277E541BAAB35500C561E0 /* AFURLConnectionOperation.h */ = {isa = PBXFileReference; fileEncoding = 4; lastKnownFileType = sourcecode.c.h; path = AFURLConnectionOperation.h; sourceTree = "<group>"; };
		A6277E551BAAB35500C561E0 /* AFURLConnectionOperation.m */ = {isa = PBXFileReference; fileEncoding = 4; lastKnownFileType = sourcecode.c.objc; path = AFURLConnectionOperation.m; sourceTree = "<group>"; };
		A6277E561BAAB35500C561E0 /* AFURLRequestSerialization.h */ = {isa = PBXFileReference; fileEncoding = 4; lastKnownFileType = sourcecode.c.h; path = AFURLRequestSerialization.h; sourceTree = "<group>"; };
		A6277E571BAAB35500C561E0 /* AFURLRequestSerialization.m */ = {isa = PBXFileReference; fileEncoding = 4; lastKnownFileType = sourcecode.c.objc; path = AFURLRequestSerialization.m; sourceTree = "<group>"; };
		A6277E581BAAB35500C561E0 /* AFURLResponseSerialization.h */ = {isa = PBXFileReference; fileEncoding = 4; lastKnownFileType = sourcecode.c.h; path = AFURLResponseSerialization.h; sourceTree = "<group>"; };
		A6277E591BAAB35500C561E0 /* AFURLResponseSerialization.m */ = {isa = PBXFileReference; fileEncoding = 4; lastKnownFileType = sourcecode.c.objc; path = AFURLResponseSerialization.m; sourceTree = "<group>"; };
		A6277E5A1BAAB35500C561E0 /* AFURLSessionManager.h */ = {isa = PBXFileReference; fileEncoding = 4; lastKnownFileType = sourcecode.c.h; path = AFURLSessionManager.h; sourceTree = "<group>"; };
		A6277E5B1BAAB35500C561E0 /* AFURLSessionManager.m */ = {isa = PBXFileReference; fileEncoding = 4; lastKnownFileType = sourcecode.c.objc; path = AFURLSessionManager.m; sourceTree = "<group>"; };
		A6277E5D1BAAB35500C561E0 /* MBProgressHUD+MJ.h */ = {isa = PBXFileReference; fileEncoding = 4; lastKnownFileType = sourcecode.c.h; path = "MBProgressHUD+MJ.h"; sourceTree = "<group>"; };
		A6277E5E1BAAB35500C561E0 /* MBProgressHUD+MJ.m */ = {isa = PBXFileReference; fileEncoding = 4; lastKnownFileType = sourcecode.c.objc; path = "MBProgressHUD+MJ.m"; sourceTree = "<group>"; };
		A6277E5F1BAAB35500C561E0 /* MBProgressHUD.bundle */ = {isa = PBXFileReference; lastKnownFileType = "wrapper.plug-in"; path = MBProgressHUD.bundle; sourceTree = "<group>"; };
		A6277E601BAAB35500C561E0 /* MBProgressHUD.h */ = {isa = PBXFileReference; fileEncoding = 4; lastKnownFileType = sourcecode.c.h; path = MBProgressHUD.h; sourceTree = "<group>"; };
		A6277E611BAAB35500C561E0 /* MBProgressHUD.m */ = {isa = PBXFileReference; fileEncoding = 4; lastKnownFileType = sourcecode.c.objc; path = MBProgressHUD.m; sourceTree = "<group>"; };
		A6277E631BAAB35500C561E0 /* MJArgument.h */ = {isa = PBXFileReference; fileEncoding = 4; lastKnownFileType = sourcecode.c.h; path = MJArgument.h; sourceTree = "<group>"; };
		A6277E641BAAB35500C561E0 /* MJArgument.m */ = {isa = PBXFileReference; fileEncoding = 4; lastKnownFileType = sourcecode.c.objc; path = MJArgument.m; sourceTree = "<group>"; };
		A6277E651BAAB35500C561E0 /* MJConst.h */ = {isa = PBXFileReference; fileEncoding = 4; lastKnownFileType = sourcecode.c.h; path = MJConst.h; sourceTree = "<group>"; };
		A6277E661BAAB35500C561E0 /* MJConst.m */ = {isa = PBXFileReference; fileEncoding = 4; lastKnownFileType = sourcecode.c.objc; path = MJConst.m; sourceTree = "<group>"; };
		A6277E671BAAB35500C561E0 /* MJExtension.h */ = {isa = PBXFileReference; fileEncoding = 4; lastKnownFileType = sourcecode.c.h; path = MJExtension.h; sourceTree = "<group>"; };
		A6277E681BAAB35500C561E0 /* MJFoundation.h */ = {isa = PBXFileReference; fileEncoding = 4; lastKnownFileType = sourcecode.c.h; path = MJFoundation.h; sourceTree = "<group>"; };
		A6277E691BAAB35500C561E0 /* MJFoundation.m */ = {isa = PBXFileReference; fileEncoding = 4; lastKnownFileType = sourcecode.c.objc; path = MJFoundation.m; sourceTree = "<group>"; };
		A6277E6A1BAAB35500C561E0 /* MJIvar.h */ = {isa = PBXFileReference; fileEncoding = 4; lastKnownFileType = sourcecode.c.h; path = MJIvar.h; sourceTree = "<group>"; };
		A6277E6B1BAAB35500C561E0 /* MJIvar.m */ = {isa = PBXFileReference; fileEncoding = 4; lastKnownFileType = sourcecode.c.objc; path = MJIvar.m; sourceTree = "<group>"; };
		A6277E6C1BAAB35500C561E0 /* MJMember.h */ = {isa = PBXFileReference; fileEncoding = 4; lastKnownFileType = sourcecode.c.h; path = MJMember.h; sourceTree = "<group>"; };
		A6277E6D1BAAB35500C561E0 /* MJMember.m */ = {isa = PBXFileReference; fileEncoding = 4; lastKnownFileType = sourcecode.c.objc; path = MJMember.m; sourceTree = "<group>"; };
		A6277E6E1BAAB35500C561E0 /* MJMethod.h */ = {isa = PBXFileReference; fileEncoding = 4; lastKnownFileType = sourcecode.c.h; path = MJMethod.h; sourceTree = "<group>"; };
		A6277E6F1BAAB35500C561E0 /* MJMethod.m */ = {isa = PBXFileReference; fileEncoding = 4; lastKnownFileType = sourcecode.c.objc; path = MJMethod.m; sourceTree = "<group>"; };
		A6277E701BAAB35500C561E0 /* MJType.h */ = {isa = PBXFileReference; fileEncoding = 4; lastKnownFileType = sourcecode.c.h; path = MJType.h; sourceTree = "<group>"; };
		A6277E711BAAB35500C561E0 /* MJType.m */ = {isa = PBXFileReference; fileEncoding = 4; lastKnownFileType = sourcecode.c.objc; path = MJType.m; sourceTree = "<group>"; };
		A6277E721BAAB35500C561E0 /* MJTypeEncoding.h */ = {isa = PBXFileReference; fileEncoding = 4; lastKnownFileType = sourcecode.c.h; path = MJTypeEncoding.h; sourceTree = "<group>"; };
		A6277E731BAAB35500C561E0 /* MJTypeEncoding.m */ = {isa = PBXFileReference; fileEncoding = 4; lastKnownFileType = sourcecode.c.objc; path = MJTypeEncoding.m; sourceTree = "<group>"; };
		A6277E741BAAB35500C561E0 /* NSObject+MJCoding.h */ = {isa = PBXFileReference; fileEncoding = 4; lastKnownFileType = sourcecode.c.h; path = "NSObject+MJCoding.h"; sourceTree = "<group>"; };
		A6277E751BAAB35500C561E0 /* NSObject+MJCoding.m */ = {isa = PBXFileReference; fileEncoding = 4; lastKnownFileType = sourcecode.c.objc; path = "NSObject+MJCoding.m"; sourceTree = "<group>"; };
		A6277E761BAAB35500C561E0 /* NSObject+MJKeyValue.h */ = {isa = PBXFileReference; fileEncoding = 4; lastKnownFileType = sourcecode.c.h; path = "NSObject+MJKeyValue.h"; sourceTree = "<group>"; };
		A6277E771BAAB35500C561E0 /* NSObject+MJKeyValue.m */ = {isa = PBXFileReference; fileEncoding = 4; lastKnownFileType = sourcecode.c.objc; path = "NSObject+MJKeyValue.m"; sourceTree = "<group>"; };
		A6277E781BAAB35500C561E0 /* NSObject+MJMember.h */ = {isa = PBXFileReference; fileEncoding = 4; lastKnownFileType = sourcecode.c.h; path = "NSObject+MJMember.h"; sourceTree = "<group>"; };
		A6277E791BAAB35500C561E0 /* NSObject+MJMember.m */ = {isa = PBXFileReference; fileEncoding = 4; lastKnownFileType = sourcecode.c.objc; path = "NSObject+MJMember.m"; sourceTree = "<group>"; };
		A6277E7B1BAAB35500C561E0 /* MJRefresh.bundle */ = {isa = PBXFileReference; lastKnownFileType = "wrapper.plug-in"; path = MJRefresh.bundle; sourceTree = "<group>"; };
		A6277E7C1BAAB35500C561E0 /* MJRefresh.h */ = {isa = PBXFileReference; fileEncoding = 4; lastKnownFileType = sourcecode.c.h; path = MJRefresh.h; sourceTree = "<group>"; };
		A6277E7D1BAAB35500C561E0 /* MJRefreshBaseView.h */ = {isa = PBXFileReference; fileEncoding = 4; lastKnownFileType = sourcecode.c.h; path = MJRefreshBaseView.h; sourceTree = "<group>"; };
		A6277E7E1BAAB35500C561E0 /* MJRefreshBaseView.m */ = {isa = PBXFileReference; fileEncoding = 4; lastKnownFileType = sourcecode.c.objc; path = MJRefreshBaseView.m; sourceTree = "<group>"; };
		A6277E7F1BAAB35500C561E0 /* MJRefreshConst.h */ = {isa = PBXFileReference; fileEncoding = 4; lastKnownFileType = sourcecode.c.h; path = MJRefreshConst.h; sourceTree = "<group>"; };
		A6277E801BAAB35500C561E0 /* MJRefreshConst.m */ = {isa = PBXFileReference; fileEncoding = 4; lastKnownFileType = sourcecode.c.objc; path = MJRefreshConst.m; sourceTree = "<group>"; };
		A6277E811BAAB35500C561E0 /* MJRefreshFooterView.h */ = {isa = PBXFileReference; fileEncoding = 4; lastKnownFileType = sourcecode.c.h; path = MJRefreshFooterView.h; sourceTree = "<group>"; };
		A6277E821BAAB35500C561E0 /* MJRefreshFooterView.m */ = {isa = PBXFileReference; fileEncoding = 4; lastKnownFileType = sourcecode.c.objc; path = MJRefreshFooterView.m; sourceTree = "<group>"; };
		A6277E831BAAB35500C561E0 /* MJRefreshHeaderView.h */ = {isa = PBXFileReference; fileEncoding = 4; lastKnownFileType = sourcecode.c.h; path = MJRefreshHeaderView.h; sourceTree = "<group>"; };
		A6277E841BAAB35500C561E0 /* MJRefreshHeaderView.m */ = {isa = PBXFileReference; fileEncoding = 4; lastKnownFileType = sourcecode.c.objc; path = MJRefreshHeaderView.m; sourceTree = "<group>"; };
		A6277E851BAAB35500C561E0 /* UIScrollView+MJExtension.h */ = {isa = PBXFileReference; fileEncoding = 4; lastKnownFileType = sourcecode.c.h; path = "UIScrollView+MJExtension.h"; sourceTree = "<group>"; };
		A6277E861BAAB35500C561E0 /* UIScrollView+MJExtension.m */ = {isa = PBXFileReference; fileEncoding = 4; lastKnownFileType = sourcecode.c.objc; path = "UIScrollView+MJExtension.m"; sourceTree = "<group>"; };
		A6277E871BAAB35500C561E0 /* UIScrollView+MJRefresh.h */ = {isa = PBXFileReference; fileEncoding = 4; lastKnownFileType = sourcecode.c.h; path = "UIScrollView+MJRefresh.h"; sourceTree = "<group>"; };
		A6277E881BAAB35500C561E0 /* UIScrollView+MJRefresh.m */ = {isa = PBXFileReference; fileEncoding = 4; lastKnownFileType = sourcecode.c.objc; path = "UIScrollView+MJRefresh.m"; sourceTree = "<group>"; };
		A6277E891BAAB35500C561E0 /* UIView+MJExtension.h */ = {isa = PBXFileReference; fileEncoding = 4; lastKnownFileType = sourcecode.c.h; path = "UIView+MJExtension.h"; sourceTree = "<group>"; };
		A6277E8A1BAAB35500C561E0 /* UIView+MJExtension.m */ = {isa = PBXFileReference; fileEncoding = 4; lastKnownFileType = sourcecode.c.objc; path = "UIView+MJExtension.m"; sourceTree = "<group>"; };
		A6277E8C1BAAB35500C561E0 /* MKAnnotationView+WebCache.h */ = {isa = PBXFileReference; fileEncoding = 4; lastKnownFileType = sourcecode.c.h; path = "MKAnnotationView+WebCache.h"; sourceTree = "<group>"; };
		A6277E8D1BAAB35500C561E0 /* MKAnnotationView+WebCache.m */ = {isa = PBXFileReference; fileEncoding = 4; lastKnownFileType = sourcecode.c.objc; path = "MKAnnotationView+WebCache.m"; sourceTree = "<group>"; };
		A6277E8E1BAAB35500C561E0 /* NSData+ImageContentType.h */ = {isa = PBXFileReference; fileEncoding = 4; lastKnownFileType = sourcecode.c.h; path = "NSData+ImageContentType.h"; sourceTree = "<group>"; };
		A6277E8F1BAAB35500C561E0 /* NSData+ImageContentType.m */ = {isa = PBXFileReference; fileEncoding = 4; lastKnownFileType = sourcecode.c.objc; path = "NSData+ImageContentType.m"; sourceTree = "<group>"; };
		A6277E901BAAB35500C561E0 /* SDImageCache.h */ = {isa = PBXFileReference; fileEncoding = 4; lastKnownFileType = sourcecode.c.h; path = SDImageCache.h; sourceTree = "<group>"; };
		A6277E911BAAB35500C561E0 /* SDImageCache.m */ = {isa = PBXFileReference; fileEncoding = 4; lastKnownFileType = sourcecode.c.objc; path = SDImageCache.m; sourceTree = "<group>"; };
		A6277E921BAAB35500C561E0 /* SDWebImageCompat.h */ = {isa = PBXFileReference; fileEncoding = 4; lastKnownFileType = sourcecode.c.h; path = SDWebImageCompat.h; sourceTree = "<group>"; };
		A6277E931BAAB35500C561E0 /* SDWebImageCompat.m */ = {isa = PBXFileReference; fileEncoding = 4; lastKnownFileType = sourcecode.c.objc; path = SDWebImageCompat.m; sourceTree = "<group>"; };
		A6277E941BAAB35500C561E0 /* SDWebImageDecoder.h */ = {isa = PBXFileReference; fileEncoding = 4; lastKnownFileType = sourcecode.c.h; path = SDWebImageDecoder.h; sourceTree = "<group>"; };
		A6277E951BAAB35500C561E0 /* SDWebImageDecoder.m */ = {isa = PBXFileReference; fileEncoding = 4; lastKnownFileType = sourcecode.c.objc; path = SDWebImageDecoder.m; sourceTree = "<group>"; };
		A6277E961BAAB35500C561E0 /* SDWebImageDownloader.h */ = {isa = PBXFileReference; fileEncoding = 4; lastKnownFileType = sourcecode.c.h; path = SDWebImageDownloader.h; sourceTree = "<group>"; };
		A6277E971BAAB35500C561E0 /* SDWebImageDownloader.m */ = {isa = PBXFileReference; fileEncoding = 4; lastKnownFileType = sourcecode.c.objc; path = SDWebImageDownloader.m; sourceTree = "<group>"; };
		A6277E981BAAB35500C561E0 /* SDWebImageDownloaderOperation.h */ = {isa = PBXFileReference; fileEncoding = 4; lastKnownFileType = sourcecode.c.h; path = SDWebImageDownloaderOperation.h; sourceTree = "<group>"; };
		A6277E991BAAB35500C561E0 /* SDWebImageDownloaderOperation.m */ = {isa = PBXFileReference; fileEncoding = 4; lastKnownFileType = sourcecode.c.objc; path = SDWebImageDownloaderOperation.m; sourceTree = "<group>"; };
		A6277E9A1BAAB35500C561E0 /* SDWebImageManager.h */ = {isa = PBXFileReference; fileEncoding = 4; lastKnownFileType = sourcecode.c.h; path = SDWebImageManager.h; sourceTree = "<group>"; };
		A6277E9B1BAAB35500C561E0 /* SDWebImageManager.m */ = {isa = PBXFileReference; fileEncoding = 4; lastKnownFileType = sourcecode.c.objc; path = SDWebImageManager.m; sourceTree = "<group>"; };
		A6277E9C1BAAB35500C561E0 /* SDWebImageOperation.h */ = {isa = PBXFileReference; fileEncoding = 4; lastKnownFileType = sourcecode.c.h; path = SDWebImageOperation.h; sourceTree = "<group>"; };
		A6277E9D1BAAB35500C561E0 /* SDWebImagePrefetcher.h */ = {isa = PBXFileReference; fileEncoding = 4; lastKnownFileType = sourcecode.c.h; path = SDWebImagePrefetcher.h; sourceTree = "<group>"; };
		A6277E9E1BAAB35500C561E0 /* SDWebImagePrefetcher.m */ = {isa = PBXFileReference; fileEncoding = 4; lastKnownFileType = sourcecode.c.objc; path = SDWebImagePrefetcher.m; sourceTree = "<group>"; };
		A6277E9F1BAAB35500C561E0 /* UIButton+WebCache.h */ = {isa = PBXFileReference; fileEncoding = 4; lastKnownFileType = sourcecode.c.h; path = "UIButton+WebCache.h"; sourceTree = "<group>"; };
		A6277EA01BAAB35500C561E0 /* UIButton+WebCache.m */ = {isa = PBXFileReference; fileEncoding = 4; lastKnownFileType = sourcecode.c.objc; path = "UIButton+WebCache.m"; sourceTree = "<group>"; };
		A6277EA11BAAB35500C561E0 /* UIImage+GIF.h */ = {isa = PBXFileReference; fileEncoding = 4; lastKnownFileType = sourcecode.c.h; path = "UIImage+GIF.h"; sourceTree = "<group>"; };
		A6277EA21BAAB35500C561E0 /* UIImage+GIF.m */ = {isa = PBXFileReference; fileEncoding = 4; lastKnownFileType = sourcecode.c.objc; path = "UIImage+GIF.m"; sourceTree = "<group>"; };
		A6277EA31BAAB35500C561E0 /* UIImage+MultiFormat.h */ = {isa = PBXFileReference; fileEncoding = 4; lastKnownFileType = sourcecode.c.h; path = "UIImage+MultiFormat.h"; sourceTree = "<group>"; };
		A6277EA41BAAB35500C561E0 /* UIImage+MultiFormat.m */ = {isa = PBXFileReference; fileEncoding = 4; lastKnownFileType = sourcecode.c.objc; path = "UIImage+MultiFormat.m"; sourceTree = "<group>"; };
		A6277EA51BAAB35500C561E0 /* UIImage+WebP.h */ = {isa = PBXFileReference; fileEncoding = 4; lastKnownFileType = sourcecode.c.h; path = "UIImage+WebP.h"; sourceTree = "<group>"; };
		A6277EA61BAAB35500C561E0 /* UIImage+WebP.m */ = {isa = PBXFileReference; fileEncoding = 4; lastKnownFileType = sourcecode.c.objc; path = "UIImage+WebP.m"; sourceTree = "<group>"; };
		A6277EA71BAAB35500C561E0 /* UIImageView+HighlightedWebCache.h */ = {isa = PBXFileReference; fileEncoding = 4; lastKnownFileType = sourcecode.c.h; path = "UIImageView+HighlightedWebCache.h"; sourceTree = "<group>"; };
		A6277EA81BAAB35500C561E0 /* UIImageView+HighlightedWebCache.m */ = {isa = PBXFileReference; fileEncoding = 4; lastKnownFileType = sourcecode.c.objc; path = "UIImageView+HighlightedWebCache.m"; sourceTree = "<group>"; };
		A6277EA91BAAB35500C561E0 /* UIImageView+WebCache.h */ = {isa = PBXFileReference; fileEncoding = 4; lastKnownFileType = sourcecode.c.h; path = "UIImageView+WebCache.h"; sourceTree = "<group>"; };
		A6277EAA1BAAB35500C561E0 /* UIImageView+WebCache.m */ = {isa = PBXFileReference; fileEncoding = 4; lastKnownFileType = sourcecode.c.objc; path = "UIImageView+WebCache.m"; sourceTree = "<group>"; };
		A6277EAB1BAAB35500C561E0 /* UIView+WebCacheOperation.h */ = {isa = PBXFileReference; fileEncoding = 4; lastKnownFileType = sourcecode.c.h; path = "UIView+WebCacheOperation.h"; sourceTree = "<group>"; };
		A6277EAC1BAAB35500C561E0 /* UIView+WebCacheOperation.m */ = {isa = PBXFileReference; fileEncoding = 4; lastKnownFileType = sourcecode.c.objc; path = "UIView+WebCacheOperation.m"; sourceTree = "<group>"; };
		A6277EE01BAABAAA00C561E0 /* Joke.h */ = {isa = PBXFileReference; fileEncoding = 4; lastKnownFileType = sourcecode.c.h; path = Joke.h; sourceTree = "<group>"; };
		A6277EE11BAABAAA00C561E0 /* Joke.m */ = {isa = PBXFileReference; fileEncoding = 4; lastKnownFileType = sourcecode.c.objc; path = Joke.m; sourceTree = "<group>"; };
		A6277EE31BAABAC500C561E0 /* JokeFrame.h */ = {isa = PBXFileReference; fileEncoding = 4; lastKnownFileType = sourcecode.c.h; path = JokeFrame.h; sourceTree = "<group>"; };
		A6277EE41BAABAC500C561E0 /* JokeFrame.m */ = {isa = PBXFileReference; fileEncoding = 4; lastKnownFileType = sourcecode.c.objc; path = JokeFrame.m; sourceTree = "<group>"; };
		A6277EE91BAAC7BF00C561E0 /* AppDelegate.h */ = {isa = PBXFileReference; fileEncoding = 4; lastKnownFileType = sourcecode.c.h; path = AppDelegate.h; sourceTree = "<group>"; };
		A6277EEA1BAAC7BF00C561E0 /* AppDelegate.m */ = {isa = PBXFileReference; fileEncoding = 4; lastKnownFileType = sourcecode.c.objc; path = AppDelegate.m; sourceTree = "<group>"; };
		A6277EEB1BAAC7BF00C561E0 /* main.m */ = {isa = PBXFileReference; fileEncoding = 4; lastKnownFileType = sourcecode.c.objc; name = main.m; path = Main/main.m; sourceTree = "<group>"; };
		A6277EF31BAAC82200C561E0 /* JokeCell.h */ = {isa = PBXFileReference; fileEncoding = 4; lastKnownFileType = sourcecode.c.h; path = JokeCell.h; sourceTree = "<group>"; };
		A6277EF41BAAC82200C561E0 /* JokeCell.m */ = {isa = PBXFileReference; fileEncoding = 4; lastKnownFileType = sourcecode.c.objc; path = JokeCell.m; sourceTree = "<group>"; };
		A6277EF71BAACC0E00C561E0 /* FunnyImageViewController.h */ = {isa = PBXFileReference; fileEncoding = 4; lastKnownFileType = sourcecode.c.h; path = FunnyImageViewController.h; sourceTree = "<group>"; };
		A6277EF81BAACC0E00C561E0 /* FunnyImageViewController.m */ = {isa = PBXFileReference; fileEncoding = 4; lastKnownFileType = sourcecode.c.objc; path = FunnyImageViewController.m; sourceTree = "<group>"; };
/* End PBXFileReference section */

/* Begin PBXFrameworksBuildPhase section */
		A6277E1B1BAAAFE900C561E0 /* Frameworks */ = {
			isa = PBXFrameworksBuildPhase;
			buildActionMask = 2147483647;
			files = (
			);
			runOnlyForDeploymentPostprocessing = 0;
		};
		A6277E341BAAAFE900C561E0 /* Frameworks */ = {
			isa = PBXFrameworksBuildPhase;
			buildActionMask = 2147483647;
			files = (
			);
			runOnlyForDeploymentPostprocessing = 0;
		};
/* End PBXFrameworksBuildPhase section */

/* Begin PBXGroup section */
		A6277E151BAAAFE900C561E0 = {
			isa = PBXGroup;
			children = (
				A6277E201BAAAFE900C561E0 /* XiaoHaha */,
				A6277E3A1BAAAFE900C561E0 /* XiaoHahaTests */,
				A6277E1F1BAAAFE900C561E0 /* Products */,
			);
			sourceTree = "<group>";
		};
		A6277E1F1BAAAFE900C561E0 /* Products */ = {
			isa = PBXGroup;
			children = (
				A6277E1E1BAAAFE900C561E0 /* XiaoHaha.app */,
				A6277E371BAAAFE900C561E0 /* XiaoHahaTests.xctest */,
			);
			name = Products;
			sourceTree = "<group>";
		};
		A6277E201BAAAFE900C561E0 /* XiaoHaha */ = {
			isa = PBXGroup;
			children = (
				A6277EF61BAACC0E00C561E0 /* Controller */,
				A6277EF21BAAC7DF00C561E0 /* View */,
				A6277EE81BAAC7BF00C561E0 /* Main */,
				A6277EDF1BAABA9C00C561E0 /* Model */,
				A6277E471BAAB35500C561E0 /* Lib */,
				A6277E2E1BAAAFE900C561E0 /* Images.xcassets */,
				A6277E301BAAAFE900C561E0 /* LaunchScreen.xib */,
				A6277E211BAAAFE900C561E0 /* Supporting Files */,
			);
			path = XiaoHaha;
			sourceTree = "<group>";
		};
		A6277E211BAAAFE900C561E0 /* Supporting Files */ = {
			isa = PBXGroup;
			children = (
				A6277E221BAAAFE900C561E0 /* Info.plist */,
				A6277EEB1BAAC7BF00C561E0 /* main.m */,
			);
			name = "Supporting Files";
			sourceTree = "<group>";
		};
		A6277E3A1BAAAFE900C561E0 /* XiaoHahaTests */ = {
			isa = PBXGroup;
			children = (
				A6277E3D1BAAAFE900C561E0 /* XiaoHahaTests.m */,
				A6277E3B1BAAAFE900C561E0 /* Supporting Files */,
			);
			path = XiaoHahaTests;
			sourceTree = "<group>";
		};
		A6277E3B1BAAAFE900C561E0 /* Supporting Files */ = {
			isa = PBXGroup;
			children = (
				A6277E3C1BAAAFE900C561E0 /* Info.plist */,
			);
			name = "Supporting Files";
			sourceTree = "<group>";
		};
		A6277E471BAAB35500C561E0 /* Lib */ = {
			isa = PBXGroup;
			children = (
				A6277E481BAAB35500C561E0 /* AFNetworking */,
				A6277E5C1BAAB35500C561E0 /* MBProgressHUD */,
				A6277E621BAAB35500C561E0 /* MJExtension */,
				A6277E7A1BAAB35500C561E0 /* MJRefresh */,
				A6277E8B1BAAB35500C561E0 /* SDWebImage */,
			);
			path = Lib;
			sourceTree = "<group>";
		};
		A6277E481BAAB35500C561E0 /* AFNetworking */ = {
			isa = PBXGroup;
			children = (
				A6277E491BAAB35500C561E0 /* AFHTTPRequestOperation.h */,
				A6277E4A1BAAB35500C561E0 /* AFHTTPRequestOperation.m */,
				A6277E4B1BAAB35500C561E0 /* AFHTTPRequestOperationManager.h */,
				A6277E4C1BAAB35500C561E0 /* AFHTTPRequestOperationManager.m */,
				A6277E4D1BAAB35500C561E0 /* AFHTTPSessionManager.h */,
				A6277E4E1BAAB35500C561E0 /* AFHTTPSessionManager.m */,
				A6277E4F1BAAB35500C561E0 /* AFNetworking.h */,
				A6277E501BAAB35500C561E0 /* AFNetworkReachabilityManager.h */,
				A6277E511BAAB35500C561E0 /* AFNetworkReachabilityManager.m */,
				A6277E521BAAB35500C561E0 /* AFSecurityPolicy.h */,
				A6277E531BAAB35500C561E0 /* AFSecurityPolicy.m */,
				A6277E541BAAB35500C561E0 /* AFURLConnectionOperation.h */,
				A6277E551BAAB35500C561E0 /* AFURLConnectionOperation.m */,
				A6277E561BAAB35500C561E0 /* AFURLRequestSerialization.h */,
				A6277E571BAAB35500C561E0 /* AFURLRequestSerialization.m */,
				A6277E581BAAB35500C561E0 /* AFURLResponseSerialization.h */,
				A6277E591BAAB35500C561E0 /* AFURLResponseSerialization.m */,
				A6277E5A1BAAB35500C561E0 /* AFURLSessionManager.h */,
				A6277E5B1BAAB35500C561E0 /* AFURLSessionManager.m */,
			);
			path = AFNetworking;
			sourceTree = "<group>";
		};
		A6277E5C1BAAB35500C561E0 /* MBProgressHUD */ = {
			isa = PBXGroup;
			children = (
				A6277E5D1BAAB35500C561E0 /* MBProgressHUD+MJ.h */,
				A6277E5E1BAAB35500C561E0 /* MBProgressHUD+MJ.m */,
				A6277E5F1BAAB35500C561E0 /* MBProgressHUD.bundle */,
				A6277E601BAAB35500C561E0 /* MBProgressHUD.h */,
				A6277E611BAAB35500C561E0 /* MBProgressHUD.m */,
			);
			path = MBProgressHUD;
			sourceTree = "<group>";
		};
		A6277E621BAAB35500C561E0 /* MJExtension */ = {
			isa = PBXGroup;
			children = (
				A6277E631BAAB35500C561E0 /* MJArgument.h */,
				A6277E641BAAB35500C561E0 /* MJArgument.m */,
				A6277E651BAAB35500C561E0 /* MJConst.h */,
				A6277E661BAAB35500C561E0 /* MJConst.m */,
				A6277E671BAAB35500C561E0 /* MJExtension.h */,
				A6277E681BAAB35500C561E0 /* MJFoundation.h */,
				A6277E691BAAB35500C561E0 /* MJFoundation.m */,
				A6277E6A1BAAB35500C561E0 /* MJIvar.h */,
				A6277E6B1BAAB35500C561E0 /* MJIvar.m */,
				A6277E6C1BAAB35500C561E0 /* MJMember.h */,
				A6277E6D1BAAB35500C561E0 /* MJMember.m */,
				A6277E6E1BAAB35500C561E0 /* MJMethod.h */,
				A6277E6F1BAAB35500C561E0 /* MJMethod.m */,
				A6277E701BAAB35500C561E0 /* MJType.h */,
				A6277E711BAAB35500C561E0 /* MJType.m */,
				A6277E721BAAB35500C561E0 /* MJTypeEncoding.h */,
				A6277E731BAAB35500C561E0 /* MJTypeEncoding.m */,
				A6277E741BAAB35500C561E0 /* NSObject+MJCoding.h */,
				A6277E751BAAB35500C561E0 /* NSObject+MJCoding.m */,
				A6277E761BAAB35500C561E0 /* NSObject+MJKeyValue.h */,
				A6277E771BAAB35500C561E0 /* NSObject+MJKeyValue.m */,
				A6277E781BAAB35500C561E0 /* NSObject+MJMember.h */,
				A6277E791BAAB35500C561E0 /* NSObject+MJMember.m */,
			);
			path = MJExtension;
			sourceTree = "<group>";
		};
		A6277E7A1BAAB35500C561E0 /* MJRefresh */ = {
			isa = PBXGroup;
			children = (
				A6277E7B1BAAB35500C561E0 /* MJRefresh.bundle */,
				A6277E7C1BAAB35500C561E0 /* MJRefresh.h */,
				A6277E7D1BAAB35500C561E0 /* MJRefreshBaseView.h */,
				A6277E7E1BAAB35500C561E0 /* MJRefreshBaseView.m */,
				A6277E7F1BAAB35500C561E0 /* MJRefreshConst.h */,
				A6277E801BAAB35500C561E0 /* MJRefreshConst.m */,
				A6277E811BAAB35500C561E0 /* MJRefreshFooterView.h */,
				A6277E821BAAB35500C561E0 /* MJRefreshFooterView.m */,
				A6277E831BAAB35500C561E0 /* MJRefreshHeaderView.h */,
				A6277E841BAAB35500C561E0 /* MJRefreshHeaderView.m */,
				A6277E851BAAB35500C561E0 /* UIScrollView+MJExtension.h */,
				A6277E861BAAB35500C561E0 /* UIScrollView+MJExtension.m */,
				A6277E871BAAB35500C561E0 /* UIScrollView+MJRefresh.h */,
				A6277E881BAAB35500C561E0 /* UIScrollView+MJRefresh.m */,
				A6277E891BAAB35500C561E0 /* UIView+MJExtension.h */,
				A6277E8A1BAAB35500C561E0 /* UIView+MJExtension.m */,
			);
			path = MJRefresh;
			sourceTree = "<group>";
		};
		A6277E8B1BAAB35500C561E0 /* SDWebImage */ = {
			isa = PBXGroup;
			children = (
				A6277E8C1BAAB35500C561E0 /* MKAnnotationView+WebCache.h */,
				A6277E8D1BAAB35500C561E0 /* MKAnnotationView+WebCache.m */,
				A6277E8E1BAAB35500C561E0 /* NSData+ImageContentType.h */,
				A6277E8F1BAAB35500C561E0 /* NSData+ImageContentType.m */,
				A6277E901BAAB35500C561E0 /* SDImageCache.h */,
				A6277E911BAAB35500C561E0 /* SDImageCache.m */,
				A6277E921BAAB35500C561E0 /* SDWebImageCompat.h */,
				A6277E931BAAB35500C561E0 /* SDWebImageCompat.m */,
				A6277E941BAAB35500C561E0 /* SDWebImageDecoder.h */,
				A6277E951BAAB35500C561E0 /* SDWebImageDecoder.m */,
				A6277E961BAAB35500C561E0 /* SDWebImageDownloader.h */,
				A6277E971BAAB35500C561E0 /* SDWebImageDownloader.m */,
				A6277E981BAAB35500C561E0 /* SDWebImageDownloaderOperation.h */,
				A6277E991BAAB35500C561E0 /* SDWebImageDownloaderOperation.m */,
				A6277E9A1BAAB35500C561E0 /* SDWebImageManager.h */,
				A6277E9B1BAAB35500C561E0 /* SDWebImageManager.m */,
				A6277E9C1BAAB35500C561E0 /* SDWebImageOperation.h */,
				A6277E9D1BAAB35500C561E0 /* SDWebImagePrefetcher.h */,
				A6277E9E1BAAB35500C561E0 /* SDWebImagePrefetcher.m */,
				A6277E9F1BAAB35500C561E0 /* UIButton+WebCache.h */,
				A6277EA01BAAB35500C561E0 /* UIButton+WebCache.m */,
				A6277EA11BAAB35500C561E0 /* UIImage+GIF.h */,
				A6277EA21BAAB35500C561E0 /* UIImage+GIF.m */,
				A6277EA31BAAB35500C561E0 /* UIImage+MultiFormat.h */,
				A6277EA41BAAB35500C561E0 /* UIImage+MultiFormat.m */,
				A6277EA51BAAB35500C561E0 /* UIImage+WebP.h */,
				A6277EA61BAAB35500C561E0 /* UIImage+WebP.m */,
				A6277EA71BAAB35500C561E0 /* UIImageView+HighlightedWebCache.h */,
				A6277EA81BAAB35500C561E0 /* UIImageView+HighlightedWebCache.m */,
				A6277EA91BAAB35500C561E0 /* UIImageView+WebCache.h */,
				A6277EAA1BAAB35500C561E0 /* UIImageView+WebCache.m */,
				A6277EAB1BAAB35500C561E0 /* UIView+WebCacheOperation.h */,
				A6277EAC1BAAB35500C561E0 /* UIView+WebCacheOperation.m */,
			);
			path = SDWebImage;
			sourceTree = "<group>";
		};
		A6277EDF1BAABA9C00C561E0 /* Model */ = {
			isa = PBXGroup;
			children = (
				A6277EE01BAABAAA00C561E0 /* Joke.h */,
				A6277EE11BAABAAA00C561E0 /* Joke.m */,
				A6277EE31BAABAC500C561E0 /* JokeFrame.h */,
				A6277EE41BAABAC500C561E0 /* JokeFrame.m */,
			);
			path = Model;
			sourceTree = "<group>";
		};
		A6277EE81BAAC7BF00C561E0 /* Main */ = {
			isa = PBXGroup;
			children = (
				A6277EE91BAAC7BF00C561E0 /* AppDelegate.h */,
				A6277EEA1BAAC7BF00C561E0 /* AppDelegate.m */,
			);
			path = Main;
			sourceTree = "<group>";
		};
		A6277EF21BAAC7DF00C561E0 /* View */ = {
			isa = PBXGroup;
			children = (
				A6277EF31BAAC82200C561E0 /* JokeCell.h */,
				A6277EF41BAAC82200C561E0 /* JokeCell.m */,
			);
			path = View;
			sourceTree = "<group>";
		};
		A6277EF61BAACC0E00C561E0 /* Controller */ = {
			isa = PBXGroup;
			children = (
				A6277EF71BAACC0E00C561E0 /* FunnyImageViewController.h */,
				A6277EF81BAACC0E00C561E0 /* FunnyImageViewController.m */,
			);
			path = Controller;
			sourceTree = "<group>";
		};
/* End PBXGroup section */

/* Begin PBXNativeTarget section */
		A6277E1D1BAAAFE900C561E0 /* XiaoHaha */ = {
			isa = PBXNativeTarget;
			buildConfigurationList = A6277E411BAAAFE900C561E0 /* Build configuration list for PBXNativeTarget "XiaoHaha" */;
			buildPhases = (
				A6277E1A1BAAAFE900C561E0 /* Sources */,
				A6277E1B1BAAAFE900C561E0 /* Frameworks */,
				A6277E1C1BAAAFE900C561E0 /* Resources */,
			);
			buildRules = (
			);
			dependencies = (
			);
			name = XiaoHaha;
			productName = XiaoHaha;
			productReference = A6277E1E1BAAAFE900C561E0 /* XiaoHaha.app */;
			productType = "com.apple.product-type.application";
		};
		A6277E361BAAAFE900C561E0 /* XiaoHahaTests */ = {
			isa = PBXNativeTarget;
			buildConfigurationList = A6277E441BAAAFE900C561E0 /* Build configuration list for PBXNativeTarget "XiaoHahaTests" */;
			buildPhases = (
				A6277E331BAAAFE900C561E0 /* Sources */,
				A6277E341BAAAFE900C561E0 /* Frameworks */,
				A6277E351BAAAFE900C561E0 /* Resources */,
			);
			buildRules = (
			);
			dependencies = (
				A6277E391BAAAFE900C561E0 /* PBXTargetDependency */,
			);
			name = XiaoHahaTests;
			productName = XiaoHahaTests;
			productReference = A6277E371BAAAFE900C561E0 /* XiaoHahaTests.xctest */;
			productType = "com.apple.product-type.bundle.unit-test";
		};
/* End PBXNativeTarget section */

/* Begin PBXProject section */
		A6277E161BAAAFE900C561E0 /* Project object */ = {
			isa = PBXProject;
			attributes = {
				LastUpgradeCheck = 0640;
				ORGANIZATIONNAME = ZhouBei;
				TargetAttributes = {
					A6277E1D1BAAAFE900C561E0 = {
						CreatedOnToolsVersion = 6.4;
					};
					A6277E361BAAAFE900C561E0 = {
						CreatedOnToolsVersion = 6.4;
						TestTargetID = A6277E1D1BAAAFE900C561E0;
					};
				};
			};
			buildConfigurationList = A6277E191BAAAFE900C561E0 /* Build configuration list for PBXProject "XiaoHaha" */;
			compatibilityVersion = "Xcode 3.2";
			developmentRegion = English;
			hasScannedForEncodings = 0;
			knownRegions = (
				en,
				Base,
			);
			mainGroup = A6277E151BAAAFE900C561E0;
			productRefGroup = A6277E1F1BAAAFE900C561E0 /* Products */;
			projectDirPath = "";
			projectRoot = "";
			targets = (
				A6277E1D1BAAAFE900C561E0 /* XiaoHaha */,
				A6277E361BAAAFE900C561E0 /* XiaoHahaTests */,
			);
		};
/* End PBXProject section */

/* Begin PBXResourcesBuildPhase section */
		A6277E1C1BAAAFE900C561E0 /* Resources */ = {
			isa = PBXResourcesBuildPhase;
			buildActionMask = 2147483647;
			files = (
				A6277E321BAAAFE900C561E0 /* LaunchScreen.xib in Resources */,
				A6277E2F1BAAAFE900C561E0 /* Images.xcassets in Resources */,
				A6277EC41BAAB35600C561E0 /* MJRefresh.bundle in Resources */,
				A6277EB71BAAB35500C561E0 /* MBProgressHUD.bundle in Resources */,
			);
			runOnlyForDeploymentPostprocessing = 0;
		};
		A6277E351BAAAFE900C561E0 /* Resources */ = {
			isa = PBXResourcesBuildPhase;
			buildActionMask = 2147483647;
			files = (
			);
			runOnlyForDeploymentPostprocessing = 0;
		};
/* End PBXResourcesBuildPhase section */

/* Begin PBXSourcesBuildPhase section */
		A6277E1A1BAAAFE900C561E0 /* Sources */ = {
			isa = PBXSourcesBuildPhase;
			buildActionMask = 2147483647;
			files = (
				A6277ED91BAAB35600C561E0 /* UIImageView+HighlightedWebCache.m in Sources */,
				A6277EBC1BAAB35500C561E0 /* MJIvar.m in Sources */,
				A6277EAD1BAAB35500C561E0 /* AFHTTPRequestOperation.m in Sources */,
				A6277EBD1BAAB35500C561E0 /* MJMember.m in Sources */,
				A6277ECA1BAAB35600C561E0 /* UIScrollView+MJRefresh.m in Sources */,
				A6277EB91BAAB35500C561E0 /* MJArgument.m in Sources */,
				A6277EDA1BAAB35600C561E0 /* UIImageView+WebCache.m in Sources */,
				A6277EBF1BAAB35500C561E0 /* MJType.m in Sources */,
				A6277EC61BAAB35600C561E0 /* MJRefreshConst.m in Sources */,
				A6277ED51BAAB35600C561E0 /* UIButton+WebCache.m in Sources */,
				A6277ECB1BAAB35600C561E0 /* UIView+MJExtension.m in Sources */,
				A6277EBA1BAAB35500C561E0 /* MJConst.m in Sources */,
				A6277EC51BAAB35600C561E0 /* MJRefreshBaseView.m in Sources */,
				A6277EE21BAABAAA00C561E0 /* Joke.m in Sources */,
				A6277EEC1BAAC7BF00C561E0 /* AppDelegate.m in Sources */,
				A6277ED61BAAB35600C561E0 /* UIImage+GIF.m in Sources */,
				A6277ED41BAAB35600C561E0 /* SDWebImagePrefetcher.m in Sources */,
				A6277EAE1BAAB35500C561E0 /* AFHTTPRequestOperationManager.m in Sources */,
				A6277EB01BAAB35500C561E0 /* AFNetworkReachabilityManager.m in Sources */,
				A6277ECF1BAAB35600C561E0 /* SDWebImageCompat.m in Sources */,
				A6277ED11BAAB35600C561E0 /* SDWebImageDownloader.m in Sources */,
				A6277ED21BAAB35600C561E0 /* SDWebImageDownloaderOperation.m in Sources */,
				A6277EF91BAACC0E00C561E0 /* FunnyImageViewController.m in Sources */,
				A6277ED01BAAB35600C561E0 /* SDWebImageDecoder.m in Sources */,
				A6277ED31BAAB35600C561E0 /* SDWebImageManager.m in Sources */,
				A6277EC81BAAB35600C561E0 /* MJRefreshHeaderView.m in Sources */,
				A6277EC01BAAB35500C561E0 /* MJTypeEncoding.m in Sources */,
				A6277EED1BAAC7BF00C561E0 /* main.m in Sources */,
				A6277EB41BAAB35500C561E0 /* AFURLResponseSerialization.m in Sources */,
				A6277EB61BAAB35500C561E0 /* MBProgressHUD+MJ.m in Sources */,
				A6277EC31BAAB35600C561E0 /* NSObject+MJMember.m in Sources */,
				A6277EDB1BAAB35600C561E0 /* UIView+WebCacheOperation.m in Sources */,
				A6277EB21BAAB35500C561E0 /* AFURLConnectionOperation.m in Sources */,
				A6277EB11BAAB35500C561E0 /* AFSecurityPolicy.m in Sources */,
				A6277EF51BAAC82200C561E0 /* JokeCell.m in Sources */,
				A6277EAF1BAAB35500C561E0 /* AFHTTPSessionManager.m in Sources */,
				A6277EBE1BAAB35500C561E0 /* MJMethod.m in Sources */,
				A6277EC21BAAB35600C561E0 /* NSObject+MJKeyValue.m in Sources */,
				A6277ECC1BAAB35600C561E0 /* MKAnnotationView+WebCache.m in Sources */,
				A6277ED71BAAB35600C561E0 /* UIImage+MultiFormat.m in Sources */,
				A6277EC71BAAB35600C561E0 /* MJRefreshFooterView.m in Sources */,
				A6277EB31BAAB35500C561E0 /* AFURLRequestSerialization.m in Sources */,
				A6277ECD1BAAB35600C561E0 /* NSData+ImageContentType.m in Sources */,
				A6277EB51BAAB35500C561E0 /* AFURLSessionManager.m in Sources */,
				A6277ED81BAAB35600C561E0 /* UIImage+WebP.m in Sources */,
				A6277EC91BAAB35600C561E0 /* UIScrollView+MJExtension.m in Sources */,
				A6277EC11BAAB35500C561E0 /* NSObject+MJCoding.m in Sources */,
				A6277EE51BAABAC500C561E0 /* JokeFrame.m in Sources */,
				A6277EB81BAAB35500C561E0 /* MBProgressHUD.m in Sources */,
				A6277EBB1BAAB35500C561E0 /* MJFoundation.m in Sources */,
				A6277ECE1BAAB35600C561E0 /* SDImageCache.m in Sources */,
			);
			runOnlyForDeploymentPostprocessing = 0;
		};
		A6277E331BAAAFE900C561E0 /* Sources */ = {
			isa = PBXSourcesBuildPhase;
			buildActionMask = 2147483647;
			files = (
				A6277E3E1BAAAFE900C561E0 /* XiaoHahaTests.m in Sources */,
			);
			runOnlyForDeploymentPostprocessing = 0;
		};
/* End PBXSourcesBuildPhase section */

/* Begin PBXTargetDependency section */
		A6277E391BAAAFE900C561E0 /* PBXTargetDependency */ = {
			isa = PBXTargetDependency;
			target = A6277E1D1BAAAFE900C561E0 /* XiaoHaha */;
			targetProxy = A6277E381BAAAFE900C561E0 /* PBXContainerItemProxy */;
		};
/* End PBXTargetDependency section */

/* Begin PBXVariantGroup section */
		A6277E301BAAAFE900C561E0 /* LaunchScreen.xib */ = {
			isa = PBXVariantGroup;
			children = (
				A6277E311BAAAFE900C561E0 /* Base */,
			);
			name = LaunchScreen.xib;
			sourceTree = "<group>";
		};
/* End PBXVariantGroup section */

/* Begin XCBuildConfiguration section */
		A6277E3F1BAAAFE900C561E0 /* Debug */ = {
			isa = XCBuildConfiguration;
			buildSettings = {
				ALWAYS_SEARCH_USER_PATHS = NO;
				CLANG_CXX_LANGUAGE_STANDARD = "gnu++0x";
				CLANG_CXX_LIBRARY = "libc++";
				CLANG_ENABLE_MODULES = YES;
				CLANG_ENABLE_OBJC_ARC = YES;
				CLANG_WARN_BOOL_CONVERSION = YES;
				CLANG_WARN_CONSTANT_CONVERSION = YES;
				CLANG_WARN_DIRECT_OBJC_ISA_USAGE = YES_ERROR;
				CLANG_WARN_EMPTY_BODY = YES;
				CLANG_WARN_ENUM_CONVERSION = YES;
				CLANG_WARN_INT_CONVERSION = YES;
				CLANG_WARN_OBJC_ROOT_CLASS = YES_ERROR;
				CLANG_WARN_UNREACHABLE_CODE = YES;
				CLANG_WARN__DUPLICATE_METHOD_MATCH = YES;
				"CODE_SIGN_IDENTITY[sdk=iphoneos*]" = "iPhone Developer";
				COPY_PHASE_STRIP = NO;
				DEBUG_INFORMATION_FORMAT = "dwarf-with-dsym";
				ENABLE_STRICT_OBJC_MSGSEND = YES;
				GCC_C_LANGUAGE_STANDARD = gnu99;
				GCC_DYNAMIC_NO_PIC = NO;
				GCC_NO_COMMON_BLOCKS = YES;
				GCC_OPTIMIZATION_LEVEL = 0;
				GCC_PREPROCESSOR_DEFINITIONS = (
					"DEBUG=1",
					"$(inherited)",
				);
				GCC_SYMBOLS_PRIVATE_EXTERN = NO;
				GCC_WARN_64_TO_32_BIT_CONVERSION = YES;
				GCC_WARN_ABOUT_RETURN_TYPE = YES_ERROR;
				GCC_WARN_UNDECLARED_SELECTOR = YES;
				GCC_WARN_UNINITIALIZED_AUTOS = YES_AGGRESSIVE;
				GCC_WARN_UNUSED_FUNCTION = YES;
				GCC_WARN_UNUSED_VARIABLE = YES;
				IPHONEOS_DEPLOYMENT_TARGET = 8.4;
				MTL_ENABLE_DEBUG_INFO = YES;
				ONLY_ACTIVE_ARCH = YES;
				SDKROOT = iphoneos;
			};
			name = Debug;
		};
		A6277E401BAAAFE900C561E0 /* Release */ = {
			isa = XCBuildConfiguration;
			buildSettings = {
				ALWAYS_SEARCH_USER_PATHS = NO;
				CLANG_CXX_LANGUAGE_STANDARD = "gnu++0x";
				CLANG_CXX_LIBRARY = "libc++";
				CLANG_ENABLE_MODULES = YES;
				CLANG_ENABLE_OBJC_ARC = YES;
				CLANG_WARN_BOOL_CONVERSION = YES;
				CLANG_WARN_CONSTANT_CONVERSION = YES;
				CLANG_WARN_DIRECT_OBJC_ISA_USAGE = YES_ERROR;
				CLANG_WARN_EMPTY_BODY = YES;
				CLANG_WARN_ENUM_CONVERSION = YES;
				CLANG_WARN_INT_CONVERSION = YES;
				CLANG_WARN_OBJC_ROOT_CLASS = YES_ERROR;
				CLANG_WARN_UNREACHABLE_CODE = YES;
				CLANG_WARN__DUPLICATE_METHOD_MATCH = YES;
				"CODE_SIGN_IDENTITY[sdk=iphoneos*]" = "iPhone Developer";
				COPY_PHASE_STRIP = NO;
				DEBUG_INFORMATION_FORMAT = "dwarf-with-dsym";
				ENABLE_NS_ASSERTIONS = NO;
				ENABLE_STRICT_OBJC_MSGSEND = YES;
				GCC_C_LANGUAGE_STANDARD = gnu99;
				GCC_NO_COMMON_BLOCKS = YES;
				GCC_WARN_64_TO_32_BIT_CONVERSION = YES;
				GCC_WARN_ABOUT_RETURN_TYPE = YES_ERROR;
				GCC_WARN_UNDECLARED_SELECTOR = YES;
				GCC_WARN_UNINITIALIZED_AUTOS = YES_AGGRESSIVE;
				GCC_WARN_UNUSED_FUNCTION = YES;
				GCC_WARN_UNUSED_VARIABLE = YES;
				IPHONEOS_DEPLOYMENT_TARGET = 8.4;
				MTL_ENABLE_DEBUG_INFO = NO;
				SDKROOT = iphoneos;
				VALIDATE_PRODUCT = YES;
			};
			name = Release;
		};
		A6277E421BAAAFE900C561E0 /* Debug */ = {
			isa = XCBuildConfiguration;
			buildSettings = {
				ASSETCATALOG_COMPILER_APPICON_NAME = AppIcon;
				INFOPLIST_FILE = XiaoHaha/Info.plist;
				IPHONEOS_DEPLOYMENT_TARGET = 7.0;
				LD_RUNPATH_SEARCH_PATHS = "$(inherited) @executable_path/Frameworks";
				PRODUCT_NAME = "$(TARGET_NAME)";
			};
			name = Debug;
		};
		A6277E431BAAAFE900C561E0 /* Release */ = {
			isa = XCBuildConfiguration;
			buildSettings = {
				ASSETCATALOG_COMPILER_APPICON_NAME = AppIcon;
				INFOPLIST_FILE = XiaoHaha/Info.plist;
				IPHONEOS_DEPLOYMENT_TARGET = 7.0;
				LD_RUNPATH_SEARCH_PATHS = "$(inherited) @executable_path/Frameworks";
				PRODUCT_NAME = "$(TARGET_NAME)";
			};
			name = Release;
		};
		A6277E451BAAAFE900C561E0 /* Debug */ = {
			isa = XCBuildConfiguration;
			buildSettings = {
				BUNDLE_LOADER = "$(TEST_HOST)";
				FRAMEWORK_SEARCH_PATHS = (
					"$(SDKROOT)/Developer/Library/Frameworks",
					"$(inherited)",
				);
				GCC_PREPROCESSOR_DEFINITIONS = (
					"DEBUG=1",
					"$(inherited)",
				);
				INFOPLIST_FILE = XiaoHahaTests/Info.plist;
				LD_RUNPATH_SEARCH_PATHS = "$(inherited) @executable_path/Frameworks @loader_path/Frameworks";
				PRODUCT_NAME = "$(TARGET_NAME)";
				TEST_HOST = "$(BUILT_PRODUCTS_DIR)/XiaoHaha.app/XiaoHaha";
			};
			name = Debug;
		};
		A6277E461BAAAFE900C561E0 /* Release */ = {
			isa = XCBuildConfiguration;
			buildSettings = {
				BUNDLE_LOADER = "$(TEST_HOST)";
				FRAMEWORK_SEARCH_PATHS = (
					"$(SDKROOT)/Developer/Library/Frameworks",
					"$(inherited)",
				);
				INFOPLIST_FILE = XiaoHahaTests/Info.plist;
				LD_RUNPATH_SEARCH_PATHS = "$(inherited) @executable_path/Frameworks @loader_path/Frameworks";
				PRODUCT_NAME = "$(TARGET_NAME)";
				TEST_HOST = "$(BUILT_PRODUCTS_DIR)/XiaoHaha.app/XiaoHaha";
			};
			name = Release;
		};
/* End XCBuildConfiguration section */

/* Begin XCConfigurationList section */
		A6277E191BAAAFE900C561E0 /* Build configuration list for PBXProject "XiaoHaha" */ = {
			isa = XCConfigurationList;
			buildConfigurations = (
				A6277E3F1BAAAFE900C561E0 /* Debug */,
				A6277E401BAAAFE900C561E0 /* Release */,
			);
			defaultConfigurationIsVisible = 0;
			defaultConfigurationName = Release;
		};
		A6277E411BAAAFE900C561E0 /* Build configuration list for PBXNativeTarget "XiaoHaha" */ = {
			isa = XCConfigurationList;
			buildConfigurations = (
				A6277E421BAAAFE900C561E0 /* Debug */,
				A6277E431BAAAFE900C561E0 /* Release */,
			);
			defaultConfigurationIsVisible = 0;
		};
		A6277E441BAAAFE900C561E0 /* Build configuration list for PBXNativeTarget "XiaoHahaTests" */ = {
			isa = XCConfigurationList;
			buildConfigurations = (
				A6277E451BAAAFE900C561E0 /* Debug */,
				A6277E461BAAAFE900C561E0 /* Release */,
			);
			defaultConfigurationIsVisible = 0;
		};
/* End XCConfigurationList section */
	};
	rootObject = A6277E161BAAAFE900C561E0 /* Project object */;
}
